# This file is automatically @generated by Poetry 1.8.2 and should not be changed by hand.

[[package]]
name = "coverage"
version = "7.4.3"
description = "Code coverage measurement for Python"
optional = false
python-versions = "*"
files = []

[[package]]
name = "Kivy"
version = "2.3.0"
description = "An open-source Python framework for developing GUI apps that work cross-platform, including desktop, mobile and embedded platforms."
optional = false
python-versions = "*"
files = []

[[package]]
name = "mypy"
version = "1.9.0"
description = "Optional static typing for Python"
optional = false
python-versions = "*"
files = []

[[package]]
name = "poetry"
version = "1.8.2"
description = "Python dependency management and packaging made easy."
optional = false
python-versions = "*"
files = []

[[package]]
name = "pytest"
version = "8.1.1"
description = "pytest: simple powerful testing with Python"
optional = false
python-versions = "*"
files = []

[metadata]
lock-version = "2.0"
python-versions = "^3.11"
content-hash = "8d1af22698bfa17d7b62b1123f04e0746dd437b1799309611b7fa5d1eed5fe78"
